
Microsoft Visual Studio Solution File, Format Version 12.00
# Visual Studio Express 14 for Windows Desktop
VisualStudioVersion = 14.0.25420.1
MinimumVisualStudioVersion = 10.0.40219.1
Project("{FAE04EC0-301F-11D3-BF4B-00C04F79EFBC}") = "Algoritm Graham", "Algoritm Graham\Algoritm Graham.csproj", "{CD916394-5EEA-40C5-97BE-F1B662965C39}"
EndProject
Global
	GlobalSection(SolutionConfigurationPlatforms) = preSolution
		Debug|Any CPU = Debug|Any CPU
		Release|Any CPU = Release|Any CPU
	EndGlobalSection
	GlobalSection(ProjectConfigurationPlatforms) = postSolution
		{CD916394-5EEA-40C5-97BE-F1B662965C39}.Debug|Any CPU.ActiveCfg = Debug|Any CPU
		{CD916394-5EEA-40C5-97BE-F1B662965C39}.Debug|Any CPU.Build.0 = Debug|Any CPU
		{CD916394-5EEA-40C5-97BE-F1B662965C39}.Release|Any CPU.ActiveCfg = Release|Any CPU
		{CD916394-5EEA-40C5-97BE-F1B662965C39}.Release|Any CPU.Build.0 = Release|Any CPU
	EndGlobalSection
	GlobalSection(SolutionProperties) = preSolution
		HideSolutionNode = FALSE
	EndGlobalSection
EndGlobal
