
Microsoft Visual Studio Solution File, Format Version 12.00
# Visual Studio 14
VisualStudioVersion = 14.0.23107.0
MinimumVisualStudioVersion = 10.0.40219.1
Project("{FAE04EC0-301F-11D3-BF4B-00C04F79EFBC}") = "fundamentele programarii 1", "fundamentele programarii 1\fundamentele programarii 1.csproj", "{2DD1D68E-D5F2-422C-9357-9DF862ABE918}"
EndProject
Global
	GlobalSection(SolutionConfigurationPlatforms) = preSolution
		Debug|Any CPU = Debug|Any CPU
		Release|Any CPU = Release|Any CPU
	EndGlobalSection
	GlobalSection(ProjectConfigurationPlatforms) = postSolution
		{2DD1D68E-D5F2-422C-9357-9DF862ABE918}.Debug|Any CPU.ActiveCfg = Debug|Any CPU
		{2DD1D68E-D5F2-422C-9357-9DF862ABE918}.Debug|Any CPU.Build.0 = Debug|Any CPU
		{2DD1D68E-D5F2-422C-9357-9DF862ABE918}.Release|Any CPU.ActiveCfg = Release|Any CPU
		{2DD1D68E-D5F2-422C-9357-9DF862ABE918}.Release|Any CPU.Build.0 = Release|Any CPU
	EndGlobalSection
	GlobalSection(SolutionProperties) = preSolution
		HideSolutionNode = FALSE
	EndGlobalSection
EndGlobal
