
Microsoft Visual Studio Solution File, Format Version 12.00
# Visual Studio 14
VisualStudioVersion = 14.0.24720.0
MinimumVisualStudioVersion = 10.0.40219.1
Project("{FAE04EC0-301F-11D3-BF4B-00C04F79EFBC}") = "DeseneGeometrice2 - cu ingeritage", "DeseneGeometrice2 - cu ingeritage\DeseneGeometrice2 - cu ingeritage.csproj", "{459FBA8A-6F31-4BD2-9090-836A48DA5C40}"
EndProject
Global
	GlobalSection(SolutionConfigurationPlatforms) = preSolution
		Debug|Any CPU = Debug|Any CPU
		Release|Any CPU = Release|Any CPU
	EndGlobalSection
	GlobalSection(ProjectConfigurationPlatforms) = postSolution
		{459FBA8A-6F31-4BD2-9090-836A48DA5C40}.Debug|Any CPU.ActiveCfg = Debug|Any CPU
		{459FBA8A-6F31-4BD2-9090-836A48DA5C40}.Debug|Any CPU.Build.0 = Debug|Any CPU
		{459FBA8A-6F31-4BD2-9090-836A48DA5C40}.Release|Any CPU.ActiveCfg = Release|Any CPU
		{459FBA8A-6F31-4BD2-9090-836A48DA5C40}.Release|Any CPU.Build.0 = Release|Any CPU
	EndGlobalSection
	GlobalSection(SolutionProperties) = preSolution
		HideSolutionNode = FALSE
	EndGlobalSection
EndGlobal
