
Microsoft Visual Studio Solution File, Format Version 12.00
# Visual Studio 14
VisualStudioVersion = 14.0.23107.0
MinimumVisualStudioVersion = 10.0.40219.1
Project("{FAE04EC0-301F-11D3-BF4B-00C04F79EFBC}") = "Afisare cifre numar in ordine inversa", "Afisare cifre numar in ordine inversa\Afisare cifre numar in ordine inversa.csproj", "{78180847-C23D-4220-885D-34E551565CA0}"
EndProject
Global
	GlobalSection(SolutionConfigurationPlatforms) = preSolution
		Debug|Any CPU = Debug|Any CPU
		Release|Any CPU = Release|Any CPU
	EndGlobalSection
	GlobalSection(ProjectConfigurationPlatforms) = postSolution
		{78180847-C23D-4220-885D-34E551565CA0}.Debug|Any CPU.ActiveCfg = Debug|Any CPU
		{78180847-C23D-4220-885D-34E551565CA0}.Debug|Any CPU.Build.0 = Debug|Any CPU
		{78180847-C23D-4220-885D-34E551565CA0}.Release|Any CPU.ActiveCfg = Release|Any CPU
		{78180847-C23D-4220-885D-34E551565CA0}.Release|Any CPU.Build.0 = Release|Any CPU
	EndGlobalSection
	GlobalSection(SolutionProperties) = preSolution
		HideSolutionNode = FALSE
	EndGlobalSection
EndGlobal
