
Microsoft Visual Studio Solution File, Format Version 12.00
# Visual Studio 14
VisualStudioVersion = 14.0.24720.0
MinimumVisualStudioVersion = 10.0.40219.1
Project("{FAE04EC0-301F-11D3-BF4B-00C04F79EFBC}") = "TextFile", "TextFile\TextFile.csproj", "{AAADF9A8-BC6A-4419-805A-675EC51EF7FD}"
EndProject
Global
	GlobalSection(SolutionConfigurationPlatforms) = preSolution
		Debug|Any CPU = Debug|Any CPU
		Release|Any CPU = Release|Any CPU
	EndGlobalSection
	GlobalSection(ProjectConfigurationPlatforms) = postSolution
		{AAADF9A8-BC6A-4419-805A-675EC51EF7FD}.Debug|Any CPU.ActiveCfg = Debug|Any CPU
		{AAADF9A8-BC6A-4419-805A-675EC51EF7FD}.Debug|Any CPU.Build.0 = Debug|Any CPU
		{AAADF9A8-BC6A-4419-805A-675EC51EF7FD}.Release|Any CPU.ActiveCfg = Release|Any CPU
		{AAADF9A8-BC6A-4419-805A-675EC51EF7FD}.Release|Any CPU.Build.0 = Release|Any CPU
	EndGlobalSection
	GlobalSection(SolutionProperties) = preSolution
		HideSolutionNode = FALSE
	EndGlobalSection
EndGlobal
