
Microsoft Visual Studio Solution File, Format Version 12.00
# Visual Studio 14
VisualStudioVersion = 14.0.24720.0
MinimumVisualStudioVersion = 10.0.40219.1
Project("{FAE04EC0-301F-11D3-BF4B-00C04F79EFBC}") = "Iesire din matrice", "Iesire din matrice\Iesire din matrice.csproj", "{90E5EAFE-E393-4FBF-A704-4FB404319833}"
EndProject
Global
	GlobalSection(SolutionConfigurationPlatforms) = preSolution
		Debug|Any CPU = Debug|Any CPU
		Release|Any CPU = Release|Any CPU
	EndGlobalSection
	GlobalSection(ProjectConfigurationPlatforms) = postSolution
		{90E5EAFE-E393-4FBF-A704-4FB404319833}.Debug|Any CPU.ActiveCfg = Debug|Any CPU
		{90E5EAFE-E393-4FBF-A704-4FB404319833}.Debug|Any CPU.Build.0 = Debug|Any CPU
		{90E5EAFE-E393-4FBF-A704-4FB404319833}.Release|Any CPU.ActiveCfg = Release|Any CPU
		{90E5EAFE-E393-4FBF-A704-4FB404319833}.Release|Any CPU.Build.0 = Release|Any CPU
	EndGlobalSection
	GlobalSection(SolutionProperties) = preSolution
		HideSolutionNode = FALSE
	EndGlobalSection
EndGlobal
